PODS:
  - PriorityEnum (0.0.1)
  - SwiftLint (0.43.1)

DEPENDENCIES:
  - PriorityEnum (from `PriorityEnum/`)
  - SwiftLint

SPEC REPOS:
  trunk:
    - SwiftLint

EXTERNAL SOURCES:
  PriorityEnum:
    :path: PriorityEnum/

SPEC CHECKSUMS:
  PriorityEnum: 9a26db4cbcc26b4a10054e51cb92898ae8d696ef
  SwiftLint: 99f82d07b837b942dd563c668de129a03fc3fb52

PODFILE CHECKSUM: d14748cf2093693513f78b447288ec0a68659ada

COCOAPODS: 1.10.0
