// !$*UTF8*$!
{
	archiveVersion = 1;
	classes = {
	};
	objectVersion = 50;
	objects = {

/* Begin PBXBuildFile section */
		293D560E856EBD3FEB6951C6 /* Pods_ToDoList_ToDoListUITests.framework in Frameworks */ = {isa = PBXBuildFile; fileRef = 62D63F2063E8D745A1767B6F /* Pods_ToDoList_ToDoListUITests.framework */; };
		4108CB9B4E3E2AEF0E2B5C7E /* Pods_ToDoListTests.framework in Frameworks */ = {isa = PBXBuildFile; fileRef = 05277A8968B6BB0A648D7F6B /* Pods_ToDoListTests.framework */; };
		854C13E22691B52000DEF4A2 /* NetworkingService.swift in Sources */ = {isa = PBXBuildFile; fileRef = 854C13E12691B52000DEF4A2 /* NetworkingService.swift */; };
		854C13E42691B8FB00DEF4A2 /* DefaultNetworkingService.swift in Sources */ = {isa = PBXBuildFile; fileRef = 854C13E32691B8FB00DEF4A2 /* DefaultNetworkingService.swift */; };
		8551DD7B267DF7CD0050C0E1 /* TaskTableViewCell.swift in Sources */ = {isa = PBXBuildFile; fileRef = 8551DD79267DF7CD0050C0E1 /* TaskTableViewCell.swift */; };
		8551DD7C267DF7CD0050C0E1 /* TaskTableViewCell.xib in Resources */ = {isa = PBXBuildFile; fileRef = 8551DD7A267DF7CD0050C0E1 /* TaskTableViewCell.xib */; };
		8551DD81267DFE750050C0E1 /* TasksTableView.swift in Sources */ = {isa = PBXBuildFile; fileRef = 8551DD80267DFE750050C0E1 /* TasksTableView.swift */; };
		8552D418266CC48400C38589 /* AppDelegate.swift in Sources */ = {isa = PBXBuildFile; fileRef = 8552D417266CC48400C38589 /* AppDelegate.swift */; };
		8552D41A266CC48400C38589 /* SceneDelegate.swift in Sources */ = {isa = PBXBuildFile; fileRef = 8552D419266CC48400C38589 /* SceneDelegate.swift */; };
		8552D41C266CC48400C38589 /* ViewController.swift in Sources */ = {isa = PBXBuildFile; fileRef = 8552D41B266CC48400C38589 /* ViewController.swift */; };
		8552D41F266CC48400C38589 /* Main.storyboard in Resources */ = {isa = PBXBuildFile; fileRef = 8552D41D266CC48400C38589 /* Main.storyboard */; };
		8552D421266CC49500C38589 /* Assets.xcassets in Resources */ = {isa = PBXBuildFile; fileRef = 8552D420266CC49500C38589 /* Assets.xcassets */; };
		8552D424266CC49500C38589 /* LaunchScreen.storyboard in Resources */ = {isa = PBXBuildFile; fileRef = 8552D422266CC49500C38589 /* LaunchScreen.storyboard */; };
		8552D42F266CC49500C38589 /* ToDoListTests.swift in Sources */ = {isa = PBXBuildFile; fileRef = 8552D42E266CC49500C38589 /* ToDoListTests.swift */; };
		8552D43A266CC49500C38589 /* ToDoListUITests.swift in Sources */ = {isa = PBXBuildFile; fileRef = 8552D439266CC49500C38589 /* ToDoListUITests.swift */; };
		8552D49D266CD1DF00C38589 /* IconImageView.swift in Sources */ = {isa = PBXBuildFile; fileRef = 8552D49C266CD1DF00C38589 /* IconImageView.swift */; };
		8552D4A9266CD41100C38589 /* BuildModel.swift in Sources */ = {isa = PBXBuildFile; fileRef = 8552D4A8266CD41100C38589 /* BuildModel.swift */; };
		8552D51B266CE25900C38589 /* Localizable.strings in Resources */ = {isa = PBXBuildFile; fileRef = 8552D519266CE25900C38589 /* Localizable.strings */; };
		8552D51E266CE25900C38589 /* InfoPlist.strings in Resources */ = {isa = PBXBuildFile; fileRef = 8552D51C266CE25900C38589 /* InfoPlist.strings */; };
		8552D545266FC94200C38589 /* TodoItem.swift in Sources */ = {isa = PBXBuildFile; fileRef = 8552D544266FC94200C38589 /* TodoItem.swift */; };
		8552D54A266FC97F00C38589 /* Priority.swift in Sources */ = {isa = PBXBuildFile; fileRef = 8552D549266FC97F00C38589 /* Priority.swift */; };
		8552D552266FD55300C38589 /* FileCache.swift in Sources */ = {isa = PBXBuildFile; fileRef = 8552D551266FD55300C38589 /* FileCache.swift */; };
		8552D5F02672807300C38589 /* TodoItemJSON.swift in Sources */ = {isa = PBXBuildFile; fileRef = 8552D5EF2672807300C38589 /* TodoItemJSON.swift */; };
		8552D6492676851A00C38589 /* DetailViewController.swift in Sources */ = {isa = PBXBuildFile; fileRef = 8552D6482676851A00C38589 /* DetailViewController.swift */; };
		C90E2A09AB7973874DA31ED1 /* Pods_ToDoList.framework in Frameworks */ = {isa = PBXBuildFile; fileRef = 161E63E54BF65DB35D886AE3 /* Pods_ToDoList.framework */; };
/* End PBXBuildFile section */

/* Begin PBXContainerItemProxy section */
		8552D42B266CC49500C38589 /* PBXContainerItemProxy */ = {
			isa = PBXContainerItemProxy;
			containerPortal = 8552D40C266CC48300C38589 /* Project object */;
			proxyType = 1;
			remoteGlobalIDString = 8552D413266CC48300C38589;
			remoteInfo = ToDoList;
		};
		8552D436266CC49500C38589 /* PBXContainerItemProxy */ = {
			isa = PBXContainerItemProxy;
			containerPortal = 8552D40C266CC48300C38589 /* Project object */;
			proxyType = 1;
			remoteGlobalIDString = 8552D413266CC48300C38589;
			remoteInfo = ToDoList;
		};
/* End PBXContainerItemProxy section */

/* Begin PBXFileReference section */
		05277A8968B6BB0A648D7F6B /* Pods_ToDoListTests.framework */ = {isa = PBXFileReference; explicitFileType = wrapper.framework; includeInIndex = 0; path = Pods_ToDoListTests.framework; sourceTree = BUILT_PRODUCTS_DIR; };
		161E63E54BF65DB35D886AE3 /* Pods_ToDoList.framework */ = {isa = PBXFileReference; explicitFileType = wrapper.framework; includeInIndex = 0; path = Pods_ToDoList.framework; sourceTree = BUILT_PRODUCTS_DIR; };
		474901B729A326CBA188BEB6 /* Pods-ToDoList-ToDoListUITests.release.xcconfig */ = {isa = PBXFileReference; includeInIndex = 1; lastKnownFileType = text.xcconfig; name = "Pods-ToDoList-ToDoListUITests.release.xcconfig"; path = "Target Support Files/Pods-ToDoList-ToDoListUITests/Pods-ToDoList-ToDoListUITests.release.xcconfig"; sourceTree = "<group>"; };
		5B2AE54927D927325AC83B7B /* Pods-ToDoList-ToDoListUITests.debug.xcconfig */ = {isa = PBXFileReference; includeInIndex = 1; lastKnownFileType = text.xcconfig; name = "Pods-ToDoList-ToDoListUITests.debug.xcconfig"; path = "Target Support Files/Pods-ToDoList-ToDoListUITests/Pods-ToDoList-ToDoListUITests.debug.xcconfig"; sourceTree = "<group>"; };
		62D63F2063E8D745A1767B6F /* Pods_ToDoList_ToDoListUITests.framework */ = {isa = PBXFileReference; explicitFileType = wrapper.framework; includeInIndex = 0; path = Pods_ToDoList_ToDoListUITests.framework; sourceTree = BUILT_PRODUCTS_DIR; };
		7FA6D18557EE9DBB1AB7DB4B /* Pods-ToDoList.release.xcconfig */ = {isa = PBXFileReference; includeInIndex = 1; lastKnownFileType = text.xcconfig; name = "Pods-ToDoList.release.xcconfig"; path = "Target Support Files/Pods-ToDoList/Pods-ToDoList.release.xcconfig"; sourceTree = "<group>"; };
		854C13E12691B52000DEF4A2 /* NetworkingService.swift */ = {isa = PBXFileReference; lastKnownFileType = sourcecode.swift; path = NetworkingService.swift; sourceTree = "<group>"; };
		854C13E32691B8FB00DEF4A2 /* DefaultNetworkingService.swift */ = {isa = PBXFileReference; lastKnownFileType = sourcecode.swift; path = DefaultNetworkingService.swift; sourceTree = "<group>"; };
		8551DD79267DF7CD0050C0E1 /* TaskTableViewCell.swift */ = {isa = PBXFileReference; lastKnownFileType = sourcecode.swift; path = TaskTableViewCell.swift; sourceTree = "<group>"; };
		8551DD7A267DF7CD0050C0E1 /* TaskTableViewCell.xib */ = {isa = PBXFileReference; lastKnownFileType = file.xib; path = TaskTableViewCell.xib; sourceTree = "<group>"; };
		8551DD80267DFE750050C0E1 /* TasksTableView.swift */ = {isa = PBXFileReference; lastKnownFileType = sourcecode.swift; path = TasksTableView.swift; sourceTree = "<group>"; };
		8552D414266CC48300C38589 /* ToDoList.app */ = {isa = PBXFileReference; explicitFileType = wrapper.application; includeInIndex = 0; path = ToDoList.app; sourceTree = BUILT_PRODUCTS_DIR; };
		8552D417266CC48400C38589 /* AppDelegate.swift */ = {isa = PBXFileReference; lastKnownFileType = sourcecode.swift; path = AppDelegate.swift; sourceTree = "<group>"; };
		8552D419266CC48400C38589 /* SceneDelegate.swift */ = {isa = PBXFileReference; lastKnownFileType = sourcecode.swift; path = SceneDelegate.swift; sourceTree = "<group>"; };
		8552D41B266CC48400C38589 /* ViewController.swift */ = {isa = PBXFileReference; lastKnownFileType = sourcecode.swift; path = ViewController.swift; sourceTree = "<group>"; };
		8552D41E266CC48400C38589 /* Base */ = {isa = PBXFileReference; lastKnownFileType = file.storyboard; name = Base; path = Base.lproj/Main.storyboard; sourceTree = "<group>"; };
		8552D420266CC49500C38589 /* Assets.xcassets */ = {isa = PBXFileReference; lastKnownFileType = folder.assetcatalog; path = Assets.xcassets; sourceTree = "<group>"; };
		8552D423266CC49500C38589 /* Base */ = {isa = PBXFileReference; lastKnownFileType = file.storyboard; name = Base; path = Base.lproj/LaunchScreen.storyboard; sourceTree = "<group>"; };
		8552D425266CC49500C38589 /* Info.plist */ = {isa = PBXFileReference; lastKnownFileType = text.plist.xml; path = Info.plist; sourceTree = "<group>"; };
		8552D42A266CC49500C38589 /* ToDoListTests.xctest */ = {isa = PBXFileReference; explicitFileType = wrapper.cfbundle; includeInIndex = 0; path = ToDoListTests.xctest; sourceTree = BUILT_PRODUCTS_DIR; };
		8552D42E266CC49500C38589 /* ToDoListTests.swift */ = {isa = PBXFileReference; lastKnownFileType = sourcecode.swift; path = ToDoListTests.swift; sourceTree = "<group>"; };
		8552D430266CC49500C38589 /* Info.plist */ = {isa = PBXFileReference; lastKnownFileType = text.plist.xml; path = Info.plist; sourceTree = "<group>"; };
		8552D435266CC49500C38589 /* ToDoListUITests.xctest */ = {isa = PBXFileReference; explicitFileType = wrapper.cfbundle; includeInIndex = 0; path = ToDoListUITests.xctest; sourceTree = BUILT_PRODUCTS_DIR; };
		8552D439266CC49500C38589 /* ToDoListUITests.swift */ = {isa = PBXFileReference; lastKnownFileType = sourcecode.swift; path = ToDoListUITests.swift; sourceTree = "<group>"; };
		8552D43B266CC49500C38589 /* Info.plist */ = {isa = PBXFileReference; lastKnownFileType = text.plist.xml; path = Info.plist; sourceTree = "<group>"; };
		8552D49C266CD1DF00C38589 /* IconImageView.swift */ = {isa = PBXFileReference; lastKnownFileType = sourcecode.swift; path = IconImageView.swift; sourceTree = "<group>"; };
		8552D4A8266CD41100C38589 /* BuildModel.swift */ = {isa = PBXFileReference; lastKnownFileType = sourcecode.swift; path = BuildModel.swift; sourceTree = "<group>"; };
		8552D4CB266CDACD00C38589 /* ru */ = {isa = PBXFileReference; lastKnownFileType = text.plist.strings; name = ru; path = ru.lproj/Main.strings; sourceTree = "<group>"; };
		8552D51A266CE25900C38589 /* ru */ = {isa = PBXFileReference; lastKnownFileType = text.plist.strings; name = ru; path = ru.lproj/Localizable.strings; sourceTree = "<group>"; };
		8552D51D266CE25900C38589 /* ru */ = {isa = PBXFileReference; lastKnownFileType = text.plist.strings; name = ru; path = ru.lproj/InfoPlist.strings; sourceTree = "<group>"; };
		8552D544266FC94200C38589 /* TodoItem.swift */ = {isa = PBXFileReference; lastKnownFileType = sourcecode.swift; path = TodoItem.swift; sourceTree = "<group>"; };
		8552D549266FC97F00C38589 /* Priority.swift */ = {isa = PBXFileReference; lastKnownFileType = sourcecode.swift; path = Priority.swift; sourceTree = "<group>"; };
		8552D551266FD55300C38589 /* FileCache.swift */ = {isa = PBXFileReference; lastKnownFileType = sourcecode.swift; path = FileCache.swift; sourceTree = "<group>"; };
		8552D5EF2672807300C38589 /* TodoItemJSON.swift */ = {isa = PBXFileReference; lastKnownFileType = sourcecode.swift; path = TodoItemJSON.swift; sourceTree = "<group>"; };
		8552D6482676851A00C38589 /* DetailViewController.swift */ = {isa = PBXFileReference; lastKnownFileType = sourcecode.swift; path = DetailViewController.swift; sourceTree = "<group>"; };
		8F6C1B77DB00C6484374F41E /* Pods-ToDoListTests.release.xcconfig */ = {isa = PBXFileReference; includeInIndex = 1; lastKnownFileType = text.xcconfig; name = "Pods-ToDoListTests.release.xcconfig"; path = "Target Support Files/Pods-ToDoListTests/Pods-ToDoListTests.release.xcconfig"; sourceTree = "<group>"; };
		BE0D2756CC10AAAA79E4B02B /* Pods-ToDoListTests.debug.xcconfig */ = {isa = PBXFileReference; includeInIndex = 1; lastKnownFileType = text.xcconfig; name = "Pods-ToDoListTests.debug.xcconfig"; path = "Target Support Files/Pods-ToDoListTests/Pods-ToDoListTests.debug.xcconfig"; sourceTree = "<group>"; };
		BECFEF20F54867C9253B8FA7 /* Pods-ToDoList.debug.xcconfig */ = {isa = PBXFileReference; includeInIndex = 1; lastKnownFileType = text.xcconfig; name = "Pods-ToDoList.debug.xcconfig"; path = "Target Support Files/Pods-ToDoList/Pods-ToDoList.debug.xcconfig"; sourceTree = "<group>"; };
/* End PBXFileReference section */

/* Begin PBXFrameworksBuildPhase section */
		8552D411266CC48300C38589 /* Frameworks */ = {
			isa = PBXFrameworksBuildPhase;
			buildActionMask = 2147483647;
			files = (
				C90E2A09AB7973874DA31ED1 /* Pods_ToDoList.framework in Frameworks */,
			);
			runOnlyForDeploymentPostprocessing = 0;
		};
		8552D427266CC49500C38589 /* Frameworks */ = {
			isa = PBXFrameworksBuildPhase;
			buildActionMask = 2147483647;
			files = (
				4108CB9B4E3E2AEF0E2B5C7E /* Pods_ToDoListTests.framework in Frameworks */,
			);
			runOnlyForDeploymentPostprocessing = 0;
		};
		8552D432266CC49500C38589 /* Frameworks */ = {
			isa = PBXFrameworksBuildPhase;
			buildActionMask = 2147483647;
			files = (
				293D560E856EBD3FEB6951C6 /* Pods_ToDoList_ToDoListUITests.framework in Frameworks */,
			);
			runOnlyForDeploymentPostprocessing = 0;
		};
/* End PBXFrameworksBuildPhase section */

/* Begin PBXGroup section */
		8552D40B266CC48300C38589 = {
			isa = PBXGroup;
			children = (
				8552D416266CC48300C38589 /* ToDoList */,
				8552D42D266CC49500C38589 /* ToDoListTests */,
				8552D438266CC49500C38589 /* ToDoListUITests */,
				8552D415266CC48300C38589 /* Products */,
				F60978F1B661B6D9F5FF0AF2 /* Pods */,
				9EC14C80709BF9DADD27885E /* Frameworks */,
			);
			sourceTree = "<group>";
		};
		8552D415266CC48300C38589 /* Products */ = {
			isa = PBXGroup;
			children = (
				8552D414266CC48300C38589 /* ToDoList.app */,
				8552D42A266CC49500C38589 /* ToDoListTests.xctest */,
				8552D435266CC49500C38589 /* ToDoListUITests.xctest */,
			);
			name = Products;
			sourceTree = "<group>";
		};
		8552D416266CC48300C38589 /* ToDoList */ = {
			isa = PBXGroup;
			children = (
				8552D498266CD19200C38589 /* Controllers */,
				8552D4AD266CD41600C38589 /* Models */,
				8552D4A1266CD1E800C38589 /* Views */,
				8552D494266CD18700C38589 /* Supproting Files */,
				8552D4D5266CDC5000C38589 /* Localization */,
				8552D420266CC49500C38589 /* Assets.xcassets */,
				8552D425266CC49500C38589 /* Info.plist */,
			);
			path = ToDoList;
			sourceTree = "<group>";
		};
		8552D42D266CC49500C38589 /* ToDoListTests */ = {
			isa = PBXGroup;
			children = (
				8552D42E266CC49500C38589 /* ToDoListTests.swift */,
				8552D430266CC49500C38589 /* Info.plist */,
			);
			path = ToDoListTests;
			sourceTree = "<group>";
		};
		8552D438266CC49500C38589 /* ToDoListUITests */ = {
			isa = PBXGroup;
			children = (
				8552D439266CC49500C38589 /* ToDoListUITests.swift */,
				8552D43B266CC49500C38589 /* Info.plist */,
			);
			path = ToDoListUITests;
			sourceTree = "<group>";
		};
		8552D494266CD18700C38589 /* Supproting Files */ = {
			isa = PBXGroup;
			children = (
				8552D417266CC48400C38589 /* AppDelegate.swift */,
				8552D419266CC48400C38589 /* SceneDelegate.swift */,
				8552D41D266CC48400C38589 /* Main.storyboard */,
				8552D422266CC49500C38589 /* LaunchScreen.storyboard */,
			);
			path = "Supproting Files";
			sourceTree = "<group>";
		};
		8552D498266CD19200C38589 /* Controllers */ = {
			isa = PBXGroup;
			children = (
				8552D41B266CC48400C38589 /* ViewController.swift */,
				8552D6482676851A00C38589 /* DetailViewController.swift */,
			);
			path = Controllers;
			sourceTree = "<group>";
		};
		8552D4A1266CD1E800C38589 /* Views */ = {
			isa = PBXGroup;
			children = (
				8552D49C266CD1DF00C38589 /* IconImageView.swift */,
				8551DD79267DF7CD0050C0E1 /* TaskTableViewCell.swift */,
				8551DD7A267DF7CD0050C0E1 /* TaskTableViewCell.xib */,
				8551DD80267DFE750050C0E1 /* TasksTableView.swift */,
			);
			path = Views;
			sourceTree = "<group>";
		};
		8552D4AD266CD41600C38589 /* Models */ = {
			isa = PBXGroup;
			children = (
				8552D4A8266CD41100C38589 /* BuildModel.swift */,
				8552D544266FC94200C38589 /* TodoItem.swift */,
				8552D551266FD55300C38589 /* FileCache.swift */,
				8552D549266FC97F00C38589 /* Priority.swift */,
				8552D5EF2672807300C38589 /* TodoItemJSON.swift */,
				854C13E12691B52000DEF4A2 /* NetworkingService.swift */,
				854C13E32691B8FB00DEF4A2 /* DefaultNetworkingService.swift */,
			);
			path = Models;
			sourceTree = "<group>";
		};
		8552D4D5266CDC5000C38589 /* Localization */ = {
			isa = PBXGroup;
			children = (
				8552D51C266CE25900C38589 /* InfoPlist.strings */,
				8552D519266CE25900C38589 /* Localizable.strings */,
			);
			path = Localization;
			sourceTree = "<group>";
		};
		9EC14C80709BF9DADD27885E /* Frameworks */ = {
			isa = PBXGroup;
			children = (
				161E63E54BF65DB35D886AE3 /* Pods_ToDoList.framework */,
				62D63F2063E8D745A1767B6F /* Pods_ToDoList_ToDoListUITests.framework */,
				05277A8968B6BB0A648D7F6B /* Pods_ToDoListTests.framework */,
			);
			name = Frameworks;
			sourceTree = "<group>";
		};
		F60978F1B661B6D9F5FF0AF2 /* Pods */ = {
			isa = PBXGroup;
			children = (
				BECFEF20F54867C9253B8FA7 /* Pods-ToDoList.debug.xcconfig */,
				7FA6D18557EE9DBB1AB7DB4B /* Pods-ToDoList.release.xcconfig */,
				5B2AE54927D927325AC83B7B /* Pods-ToDoList-ToDoListUITests.debug.xcconfig */,
				474901B729A326CBA188BEB6 /* Pods-ToDoList-ToDoListUITests.release.xcconfig */,
				BE0D2756CC10AAAA79E4B02B /* Pods-ToDoListTests.debug.xcconfig */,
				8F6C1B77DB00C6484374F41E /* Pods-ToDoListTests.release.xcconfig */,
			);
			path = Pods;
			sourceTree = "<group>";
		};
/* End PBXGroup section */

/* Begin PBXNativeTarget section */
		8552D413266CC48300C38589 /* ToDoList */ = {
			isa = PBXNativeTarget;
			buildConfigurationList = 8552D43E266CC49500C38589 /* Build configuration list for PBXNativeTarget "ToDoList" */;
			buildPhases = (
				852FC926ACFA43B54199AF1E /* [CP] Check Pods Manifest.lock */,
				8552D454266CC67400C38589 /* ShellScript */,
				8552D410266CC48300C38589 /* Sources */,
				8552D411266CC48300C38589 /* Frameworks */,
				8552D412266CC48300C38589 /* Resources */,
			);
			buildRules = (
			);
			dependencies = (
			);
			name = ToDoList;
			productName = ToDoList;
			productReference = 8552D414266CC48300C38589 /* ToDoList.app */;
			productType = "com.apple.product-type.application";
		};
		8552D429266CC49500C38589 /* ToDoListTests */ = {
			isa = PBXNativeTarget;
			buildConfigurationList = 8552D441266CC49500C38589 /* Build configuration list for PBXNativeTarget "ToDoListTests" */;
			buildPhases = (
				0ABEC626493C4EE6716AA2E9 /* [CP] Check Pods Manifest.lock */,
				8552D426266CC49500C38589 /* Sources */,
				8552D427266CC49500C38589 /* Frameworks */,
				8552D428266CC49500C38589 /* Resources */,
			);
			buildRules = (
			);
			dependencies = (
				8552D42C266CC49500C38589 /* PBXTargetDependency */,
			);
			name = ToDoListTests;
			productName = ToDoListTests;
			productReference = 8552D42A266CC49500C38589 /* ToDoListTests.xctest */;
			productType = "com.apple.product-type.bundle.unit-test";
		};
		8552D434266CC49500C38589 /* ToDoListUITests */ = {
			isa = PBXNativeTarget;
			buildConfigurationList = 8552D444266CC49500C38589 /* Build configuration list for PBXNativeTarget "ToDoListUITests" */;
			buildPhases = (
				F707D5B5C3398CE6BFD1068C /* [CP] Check Pods Manifest.lock */,
				8552D431266CC49500C38589 /* Sources */,
				8552D432266CC49500C38589 /* Frameworks */,
				8552D433266CC49500C38589 /* Resources */,
			);
			buildRules = (
			);
			dependencies = (
				8552D437266CC49500C38589 /* PBXTargetDependency */,
			);
			name = ToDoListUITests;
			productName = ToDoListUITests;
			productReference = 8552D435266CC49500C38589 /* ToDoListUITests.xctest */;
			productType = "com.apple.product-type.bundle.ui-testing";
		};
/* End PBXNativeTarget section */

/* Begin PBXProject section */
		8552D40C266CC48300C38589 /* Project object */ = {
			isa = PBXProject;
			attributes = {
				LastSwiftUpdateCheck = 1240;
				LastUpgradeCheck = 1240;
				TargetAttributes = {
					8552D413266CC48300C38589 = {
						CreatedOnToolsVersion = 12.4;
					};
					8552D429266CC49500C38589 = {
						CreatedOnToolsVersion = 12.4;
						TestTargetID = 8552D413266CC48300C38589;
					};
					8552D434266CC49500C38589 = {
						CreatedOnToolsVersion = 12.4;
						TestTargetID = 8552D413266CC48300C38589;
					};
				};
			};
			buildConfigurationList = 8552D40F266CC48300C38589 /* Build configuration list for PBXProject "ToDoList" */;
			compatibilityVersion = "Xcode 9.3";
			developmentRegion = en;
			hasScannedForEncodings = 0;
			knownRegions = (
				en,
				Base,
				ru,
			);
			mainGroup = 8552D40B266CC48300C38589;
			productRefGroup = 8552D415266CC48300C38589 /* Products */;
			projectDirPath = "";
			projectRoot = "";
			targets = (
				8552D413266CC48300C38589 /* ToDoList */,
				8552D429266CC49500C38589 /* ToDoListTests */,
				8552D434266CC49500C38589 /* ToDoListUITests */,
			);
		};
/* End PBXProject section */

/* Begin PBXResourcesBuildPhase section */
		8552D412266CC48300C38589 /* Resources */ = {
			isa = PBXResourcesBuildPhase;
			buildActionMask = 2147483647;
			files = (
				8551DD7C267DF7CD0050C0E1 /* TaskTableViewCell.xib in Resources */,
				8552D51B266CE25900C38589 /* Localizable.strings in Resources */,
				8552D51E266CE25900C38589 /* InfoPlist.strings in Resources */,
				8552D424266CC49500C38589 /* LaunchScreen.storyboard in Resources */,
				8552D421266CC49500C38589 /* Assets.xcassets in Resources */,
				8552D41F266CC48400C38589 /* Main.storyboard in Resources */,
			);
			runOnlyForDeploymentPostprocessing = 0;
		};
		8552D428266CC49500C38589 /* Resources */ = {
			isa = PBXResourcesBuildPhase;
			buildActionMask = 2147483647;
			files = (
			);
			runOnlyForDeploymentPostprocessing = 0;
		};
		8552D433266CC49500C38589 /* Resources */ = {
			isa = PBXResourcesBuildPhase;
			buildActionMask = 2147483647;
			files = (
			);
			runOnlyForDeploymentPostprocessing = 0;
		};
/* End PBXResourcesBuildPhase section */

/* Begin PBXShellScriptBuildPhase section */
		0ABEC626493C4EE6716AA2E9 /* [CP] Check Pods Manifest.lock */ = {
			isa = PBXShellScriptBuildPhase;
			buildActionMask = 2147483647;
			files = (
			);
			inputFileListPaths = (
			);
			inputPaths = (
				"${PODS_PODFILE_DIR_PATH}/Podfile.lock",
				"${PODS_ROOT}/Manifest.lock",
			);
			name = "[CP] Check Pods Manifest.lock";
			outputFileListPaths = (
			);
			outputPaths = (
				"$(DERIVED_FILE_DIR)/Pods-ToDoListTests-checkManifestLockResult.txt",
			);
			runOnlyForDeploymentPostprocessing = 0;
			shellPath = /bin/sh;
			shellScript = "diff \"${PODS_PODFILE_DIR_PATH}/Podfile.lock\" \"${PODS_ROOT}/Manifest.lock\" > /dev/null\nif [ $? != 0 ] ; then\n    # print error to STDERR\n    echo \"error: The sandbox is not in sync with the Podfile.lock. Run 'pod install' or update your CocoaPods installation.\" >&2\n    exit 1\nfi\n# This output is used by Xcode 'outputs' to avoid re-running this script phase.\necho \"SUCCESS\" > \"${SCRIPT_OUTPUT_FILE_0}\"\n";
			showEnvVarsInLog = 0;
		};
		852FC926ACFA43B54199AF1E /* [CP] Check Pods Manifest.lock */ = {
			isa = PBXShellScriptBuildPhase;
			buildActionMask = 2147483647;
			files = (
			);
			inputFileListPaths = (
			);
			inputPaths = (
				"${PODS_PODFILE_DIR_PATH}/Podfile.lock",
				"${PODS_ROOT}/Manifest.lock",
			);
			name = "[CP] Check Pods Manifest.lock";
			outputFileListPaths = (
			);
			outputPaths = (
				"$(DERIVED_FILE_DIR)/Pods-ToDoList-checkManifestLockResult.txt",
			);
			runOnlyForDeploymentPostprocessing = 0;
			shellPath = /bin/sh;
			shellScript = "diff \"${PODS_PODFILE_DIR_PATH}/Podfile.lock\" \"${PODS_ROOT}/Manifest.lock\" > /dev/null\nif [ $? != 0 ] ; then\n    # print error to STDERR\n    echo \"error: The sandbox is not in sync with the Podfile.lock. Run 'pod install' or update your CocoaPods installation.\" >&2\n    exit 1\nfi\n# This output is used by Xcode 'outputs' to avoid re-running this script phase.\necho \"SUCCESS\" > \"${SCRIPT_OUTPUT_FILE_0}\"\n";
			showEnvVarsInLog = 0;
		};
		8552D454266CC67400C38589 /* ShellScript */ = {
			isa = PBXShellScriptBuildPhase;
			buildActionMask = 2147483647;
			files = (
			);
			inputFileListPaths = (
			);
			inputPaths = (
			);
			outputFileListPaths = (
			);
			outputPaths = (
			);
			runOnlyForDeploymentPostprocessing = 0;
			shellPath = /bin/sh;
			shellScript = "${PODS_ROOT}/SwiftLint/swiftlint\n";
		};
		F707D5B5C3398CE6BFD1068C /* [CP] Check Pods Manifest.lock */ = {
			isa = PBXShellScriptBuildPhase;
			buildActionMask = 2147483647;
			files = (
			);
			inputFileListPaths = (
			);
			inputPaths = (
				"${PODS_PODFILE_DIR_PATH}/Podfile.lock",
				"${PODS_ROOT}/Manifest.lock",
			);
			name = "[CP] Check Pods Manifest.lock";
			outputFileListPaths = (
			);
			outputPaths = (
				"$(DERIVED_FILE_DIR)/Pods-ToDoList-ToDoListUITests-checkManifestLockResult.txt",
			);
			runOnlyForDeploymentPostprocessing = 0;
			shellPath = /bin/sh;
			shellScript = "diff \"${PODS_PODFILE_DIR_PATH}/Podfile.lock\" \"${PODS_ROOT}/Manifest.lock\" > /dev/null\nif [ $? != 0 ] ; then\n    # print error to STDERR\n    echo \"error: The sandbox is not in sync with the Podfile.lock. Run 'pod install' or update your CocoaPods installation.\" >&2\n    exit 1\nfi\n# This output is used by Xcode 'outputs' to avoid re-running this script phase.\necho \"SUCCESS\" > \"${SCRIPT_OUTPUT_FILE_0}\"\n";
			showEnvVarsInLog = 0;
		};
/* End PBXShellScriptBuildPhase section */

/* Begin PBXSourcesBuildPhase section */
		8552D410266CC48300C38589 /* Sources */ = {
			isa = PBXSourcesBuildPhase;
			buildActionMask = 2147483647;
			files = (
				8551DD81267DFE750050C0E1 /* TasksTableView.swift in Sources */,
				8552D4A9266CD41100C38589 /* BuildModel.swift in Sources */,
				8552D41C266CC48400C38589 /* ViewController.swift in Sources */,
				8551DD7B267DF7CD0050C0E1 /* TaskTableViewCell.swift in Sources */,
				8552D54A266FC97F00C38589 /* Priority.swift in Sources */,
				8552D49D266CD1DF00C38589 /* IconImageView.swift in Sources */,
				8552D418266CC48400C38589 /* AppDelegate.swift in Sources */,
				8552D545266FC94200C38589 /* TodoItem.swift in Sources */,
				8552D5F02672807300C38589 /* TodoItemJSON.swift in Sources */,
				8552D6492676851A00C38589 /* DetailViewController.swift in Sources */,
				8552D552266FD55300C38589 /* FileCache.swift in Sources */,
				854C13E42691B8FB00DEF4A2 /* DefaultNetworkingService.swift in Sources */,
				854C13E22691B52000DEF4A2 /* NetworkingService.swift in Sources */,
				8552D41A266CC48400C38589 /* SceneDelegate.swift in Sources */,
			);
			runOnlyForDeploymentPostprocessing = 0;
		};
		8552D426266CC49500C38589 /* Sources */ = {
			isa = PBXSourcesBuildPhase;
			buildActionMask = 2147483647;
			files = (
				8552D42F266CC49500C38589 /* ToDoListTests.swift in Sources */,
			);
			runOnlyForDeploymentPostprocessing = 0;
		};
		8552D431266CC49500C38589 /* Sources */ = {
			isa = PBXSourcesBuildPhase;
			buildActionMask = 2147483647;
			files = (
				8552D43A266CC49500C38589 /* ToDoListUITests.swift in Sources */,
			);
			runOnlyForDeploymentPostprocessing = 0;
		};
/* End PBXSourcesBuildPhase section */

/* Begin PBXTargetDependency section */
		8552D42C266CC49500C38589 /* PBXTargetDependency */ = {
			isa = PBXTargetDependency;
			target = 8552D413266CC48300C38589 /* ToDoList */;
			targetProxy = 8552D42B266CC49500C38589 /* PBXContainerItemProxy */;
		};
		8552D437266CC49500C38589 /* PBXTargetDependency */ = {
			isa = PBXTargetDependency;
			target = 8552D413266CC48300C38589 /* ToDoList */;
			targetProxy = 8552D436266CC49500C38589 /* PBXContainerItemProxy */;
		};
/* End PBXTargetDependency section */

/* Begin PBXVariantGroup section */
		8552D41D266CC48400C38589 /* Main.storyboard */ = {
			isa = PBXVariantGroup;
			children = (
				8552D41E266CC48400C38589 /* Base */,
				8552D4CB266CDACD00C38589 /* ru */,
			);
			name = Main.storyboard;
			sourceTree = "<group>";
		};
		8552D422266CC49500C38589 /* LaunchScreen.storyboard */ = {
			isa = PBXVariantGroup;
			children = (
				8552D423266CC49500C38589 /* Base */,
			);
			name = LaunchScreen.storyboard;
			sourceTree = "<group>";
		};
		8552D519266CE25900C38589 /* Localizable.strings */ = {
			isa = PBXVariantGroup;
			children = (
				8552D51A266CE25900C38589 /* ru */,
			);
			name = Localizable.strings;
			sourceTree = "<group>";
		};
		8552D51C266CE25900C38589 /* InfoPlist.strings */ = {
			isa = PBXVariantGroup;
			children = (
				8552D51D266CE25900C38589 /* ru */,
			);
			name = InfoPlist.strings;
			sourceTree = "<group>";
		};
/* End PBXVariantGroup section */

/* Begin XCBuildConfiguration section */
		8552D43C266CC49500C38589 /* Debug */ = {
			isa = XCBuildConfiguration;
			buildSettings = {
				ALWAYS_SEARCH_USER_PATHS = NO;
				CLANG_ANALYZER_LOCALIZABILITY_NONLOCALIZED = YES;
				CLANG_ANALYZER_NONNULL = YES;
				CLANG_ANALYZER_NUMBER_OBJECT_CONVERSION = YES_AGGRESSIVE;
				CLANG_CXX_LANGUAGE_STANDARD = "gnu++14";
				CLANG_CXX_LIBRARY = "libc++";
				CLANG_ENABLE_MODULES = YES;
				CLANG_ENABLE_OBJC_ARC = YES;
				CLANG_ENABLE_OBJC_WEAK = YES;
				CLANG_WARN_BLOCK_CAPTURE_AUTORELEASING = YES;
				CLANG_WARN_BOOL_CONVERSION = YES;
				CLANG_WARN_COMMA = YES;
				CLANG_WARN_CONSTANT_CONVERSION = YES;
				CLANG_WARN_DEPRECATED_OBJC_IMPLEMENTATIONS = YES;
				CLANG_WARN_DIRECT_OBJC_ISA_USAGE = YES_ERROR;
				CLANG_WARN_DOCUMENTATION_COMMENTS = YES;
				CLANG_WARN_EMPTY_BODY = YES;
				CLANG_WARN_ENUM_CONVERSION = YES;
				CLANG_WARN_INFINITE_RECURSION = YES;
				CLANG_WARN_INT_CONVERSION = YES;
				CLANG_WARN_NON_LITERAL_NULL_CONVERSION = YES;
				CLANG_WARN_OBJC_IMPLICIT_RETAIN_SELF = YES;
				CLANG_WARN_OBJC_LITERAL_CONVERSION = YES;
				CLANG_WARN_OBJC_ROOT_CLASS = YES_ERROR;
				CLANG_WARN_QUOTED_INCLUDE_IN_FRAMEWORK_HEADER = YES;
				CLANG_WARN_RANGE_LOOP_ANALYSIS = YES;
				CLANG_WARN_STRICT_PROTOTYPES = YES;
				CLANG_WARN_SUSPICIOUS_MOVE = YES;
				CLANG_WARN_UNGUARDED_AVAILABILITY = YES_AGGRESSIVE;
				CLANG_WARN_UNREACHABLE_CODE = YES;
				CLANG_WARN__DUPLICATE_METHOD_MATCH = YES;
				COPY_PHASE_STRIP = NO;
				DEBUG_INFORMATION_FORMAT = dwarf;
				ENABLE_STRICT_OBJC_MSGSEND = YES;
				ENABLE_TESTABILITY = YES;
				GCC_C_LANGUAGE_STANDARD = gnu11;
				GCC_DYNAMIC_NO_PIC = NO;
				GCC_NO_COMMON_BLOCKS = YES;
				GCC_OPTIMIZATION_LEVEL = 0;
				GCC_PREPROCESSOR_DEFINITIONS = (
					"DEBUG=1",
					"$(inherited)",
				);
				GCC_WARN_64_TO_32_BIT_CONVERSION = YES;
				GCC_WARN_ABOUT_RETURN_TYPE = YES_ERROR;
				GCC_WARN_UNDECLARED_SELECTOR = YES;
				GCC_WARN_UNINITIALIZED_AUTOS = YES_AGGRESSIVE;
				GCC_WARN_UNUSED_FUNCTION = YES;
				GCC_WARN_UNUSED_VARIABLE = YES;
				IPHONEOS_DEPLOYMENT_TARGET = 13.0;
				MTL_ENABLE_DEBUG_INFO = INCLUDE_SOURCE;
				MTL_FAST_MATH = YES;
				ONLY_ACTIVE_ARCH = YES;
				SDKROOT = iphoneos;
				SWIFT_ACTIVE_COMPILATION_CONDITIONS = DEBUG;
				SWIFT_OPTIMIZATION_LEVEL = "-Onone";
			};
			name = Debug;
		};
		8552D43D266CC49500C38589 /* Release */ = {
			isa = XCBuildConfiguration;
			buildSettings = {
				ALWAYS_SEARCH_USER_PATHS = NO;
				CLANG_ANALYZER_LOCALIZABILITY_NONLOCALIZED = YES;
				CLANG_ANALYZER_NONNULL = YES;
				CLANG_ANALYZER_NUMBER_OBJECT_CONVERSION = YES_AGGRESSIVE;
				CLANG_CXX_LANGUAGE_STANDARD = "gnu++14";
				CLANG_CXX_LIBRARY = "libc++";
				CLANG_ENABLE_MODULES = YES;
				CLANG_ENABLE_OBJC_ARC = YES;
				CLANG_ENABLE_OBJC_WEAK = YES;
				CLANG_WARN_BLOCK_CAPTURE_AUTORELEASING = YES;
				CLANG_WARN_BOOL_CONVERSION = YES;
				CLANG_WARN_COMMA = YES;
				CLANG_WARN_CONSTANT_CONVERSION = YES;
				CLANG_WARN_DEPRECATED_OBJC_IMPLEMENTATIONS = YES;
				CLANG_WARN_DIRECT_OBJC_ISA_USAGE = YES_ERROR;
				CLANG_WARN_DOCUMENTATION_COMMENTS = YES;
				CLANG_WARN_EMPTY_BODY = YES;
				CLANG_WARN_ENUM_CONVERSION = YES;
				CLANG_WARN_INFINITE_RECURSION = YES;
				CLANG_WARN_INT_CONVERSION = YES;
				CLANG_WARN_NON_LITERAL_NULL_CONVERSION = YES;
				CLANG_WARN_OBJC_IMPLICIT_RETAIN_SELF = YES;
				CLANG_WARN_OBJC_LITERAL_CONVERSION = YES;
				CLANG_WARN_OBJC_ROOT_CLASS = YES_ERROR;
				CLANG_WARN_QUOTED_INCLUDE_IN_FRAMEWORK_HEADER = YES;
				CLANG_WARN_RANGE_LOOP_ANALYSIS = YES;
				CLANG_WARN_STRICT_PROTOTYPES = YES;
				CLANG_WARN_SUSPICIOUS_MOVE = YES;
				CLANG_WARN_UNGUARDED_AVAILABILITY = YES_AGGRESSIVE;
				CLANG_WARN_UNREACHABLE_CODE = YES;
				CLANG_WARN__DUPLICATE_METHOD_MATCH = YES;
				COPY_PHASE_STRIP = NO;
				DEBUG_INFORMATION_FORMAT = "dwarf-with-dsym";
				ENABLE_NS_ASSERTIONS = NO;
				ENABLE_STRICT_OBJC_MSGSEND = YES;
				GCC_C_LANGUAGE_STANDARD = gnu11;
				GCC_NO_COMMON_BLOCKS = YES;
				GCC_WARN_64_TO_32_BIT_CONVERSION = YES;
				GCC_WARN_ABOUT_RETURN_TYPE = YES_ERROR;
				GCC_WARN_UNDECLARED_SELECTOR = YES;
				GCC_WARN_UNINITIALIZED_AUTOS = YES_AGGRESSIVE;
				GCC_WARN_UNUSED_FUNCTION = YES;
				GCC_WARN_UNUSED_VARIABLE = YES;
				IPHONEOS_DEPLOYMENT_TARGET = 13.0;
				MTL_ENABLE_DEBUG_INFO = NO;
				MTL_FAST_MATH = YES;
				SDKROOT = iphoneos;
				SWIFT_COMPILATION_MODE = wholemodule;
				SWIFT_OPTIMIZATION_LEVEL = "-O";
				VALIDATE_PRODUCT = YES;
			};
			name = Release;
		};
		8552D43F266CC49500C38589 /* Debug */ = {
			isa = XCBuildConfiguration;
			baseConfigurationReference = BECFEF20F54867C9253B8FA7 /* Pods-ToDoList.debug.xcconfig */;
			buildSettings = {
				ASSETCATALOG_COMPILER_APPICON_NAME = AppIcon;
				ASSETCATALOG_COMPILER_GLOBAL_ACCENT_COLOR_NAME = AccentColor;
				CODE_SIGN_STYLE = Automatic;
				CURRENT_PROJECT_VERSION = 1;
				DEVELOPMENT_TEAM = RTRWQZT32D;
				INFOPLIST_FILE = ToDoList/Info.plist;
				IPHONEOS_DEPLOYMENT_TARGET = 13.0;
				LD_RUNPATH_SEARCH_PATHS = (
					"$(inherited)",
					"@executable_path/Frameworks",
				);
				MARKETING_VERSION = 1.0;
				PRODUCT_BUNDLE_IDENTIFIER = com.bllizard.ToDoList;
				PRODUCT_NAME = "$(TARGET_NAME)";
				SWIFT_VERSION = 5.0;
				TARGETED_DEVICE_FAMILY = "1,2";
			};
			name = Debug;
		};
		8552D440266CC49500C38589 /* Release */ = {
			isa = XCBuildConfiguration;
			baseConfigurationReference = 7FA6D18557EE9DBB1AB7DB4B /* Pods-ToDoList.release.xcconfig */;
			buildSettings = {
				ASSETCATALOG_COMPILER_APPICON_NAME = AppIcon;
				ASSETCATALOG_COMPILER_GLOBAL_ACCENT_COLOR_NAME = AccentColor;
				CODE_SIGN_STYLE = Automatic;
				CURRENT_PROJECT_VERSION = 1;
				DEVELOPMENT_TEAM = RTRWQZT32D;
				INFOPLIST_FILE = ToDoList/Info.plist;
				IPHONEOS_DEPLOYMENT_TARGET = 13.0;
				LD_RUNPATH_SEARCH_PATHS = (
					"$(inherited)",
					"@executable_path/Frameworks",
				);
				MARKETING_VERSION = 1.0;
				PRODUCT_BUNDLE_IDENTIFIER = com.bllizard.ToDoList;
				PRODUCT_NAME = "$(TARGET_NAME)";
				SWIFT_VERSION = 5.0;
				TARGETED_DEVICE_FAMILY = "1,2";
			};
			name = Release;
		};
		8552D442266CC49500C38589 /* Debug */ = {
			isa = XCBuildConfiguration;
			baseConfigurationReference = BE0D2756CC10AAAA79E4B02B /* Pods-ToDoListTests.debug.xcconfig */;
			buildSettings = {
				ALWAYS_EMBED_SWIFT_STANDARD_LIBRARIES = YES;
				BUNDLE_LOADER = "$(TEST_HOST)";
				CODE_SIGN_STYLE = Automatic;
				DEVELOPMENT_TEAM = RTRWQZT32D;
				INFOPLIST_FILE = ToDoListTests/Info.plist;
				IPHONEOS_DEPLOYMENT_TARGET = 14.4;
				LD_RUNPATH_SEARCH_PATHS = (
					"$(inherited)",
					"@executable_path/Frameworks",
					"@loader_path/Frameworks",
				);
				PRODUCT_BUNDLE_IDENTIFIER = com.bllizard.ToDoListTests;
				PRODUCT_NAME = "$(TARGET_NAME)";
				SWIFT_VERSION = 5.0;
				TARGETED_DEVICE_FAMILY = "1,2";
				TEST_HOST = "$(BUILT_PRODUCTS_DIR)/ToDoList.app/ToDoList";
			};
			name = Debug;
		};
		8552D443266CC49500C38589 /* Release */ = {
			isa = XCBuildConfiguration;
			baseConfigurationReference = 8F6C1B77DB00C6484374F41E /* Pods-ToDoListTests.release.xcconfig */;
			buildSettings = {
				ALWAYS_EMBED_SWIFT_STANDARD_LIBRARIES = YES;
				BUNDLE_LOADER = "$(TEST_HOST)";
				CODE_SIGN_STYLE = Automatic;
				DEVELOPMENT_TEAM = RTRWQZT32D;
				INFOPLIST_FILE = ToDoListTests/Info.plist;
				IPHONEOS_DEPLOYMENT_TARGET = 14.4;
				LD_RUNPATH_SEARCH_PATHS = (
					"$(inherited)",
					"@executable_path/Frameworks",
					"@loader_path/Frameworks",
				);
				PRODUCT_BUNDLE_IDENTIFIER = com.bllizard.ToDoListTests;
				PRODUCT_NAME = "$(TARGET_NAME)";
				SWIFT_VERSION = 5.0;
				TARGETED_DEVICE_FAMILY = "1,2";
				TEST_HOST = "$(BUILT_PRODUCTS_DIR)/ToDoList.app/ToDoList";
			};
			name = Release;
		};
		8552D445266CC49500C38589 /* Debug */ = {
			isa = XCBuildConfiguration;
			baseConfigurationReference = 5B2AE54927D927325AC83B7B /* Pods-ToDoList-ToDoListUITests.debug.xcconfig */;
			buildSettings = {
				ALWAYS_EMBED_SWIFT_STANDARD_LIBRARIES = YES;
				CODE_SIGN_STYLE = Automatic;
				DEVELOPMENT_TEAM = RTRWQZT32D;
				INFOPLIST_FILE = ToDoListUITests/Info.plist;
				LD_RUNPATH_SEARCH_PATHS = (
					"$(inherited)",
					"@executable_path/Frameworks",
					"@loader_path/Frameworks",
				);
				PRODUCT_BUNDLE_IDENTIFIER = com.bllizard.ToDoListUITests;
				PRODUCT_NAME = "$(TARGET_NAME)";
				SWIFT_VERSION = 5.0;
				TARGETED_DEVICE_FAMILY = "1,2";
				TEST_TARGET_NAME = ToDoList;
			};
			name = Debug;
		};
		8552D446266CC49500C38589 /* Release */ = {
			isa = XCBuildConfiguration;
			baseConfigurationReference = 474901B729A326CBA188BEB6 /* Pods-ToDoList-ToDoListUITests.release.xcconfig */;
			buildSettings = {
				ALWAYS_EMBED_SWIFT_STANDARD_LIBRARIES = YES;
				CODE_SIGN_STYLE = Automatic;
				DEVELOPMENT_TEAM = RTRWQZT32D;
				INFOPLIST_FILE = ToDoListUITests/Info.plist;
				LD_RUNPATH_SEARCH_PATHS = (
					"$(inherited)",
					"@executable_path/Frameworks",
					"@loader_path/Frameworks",
				);
				PRODUCT_BUNDLE_IDENTIFIER = com.bllizard.ToDoListUITests;
				PRODUCT_NAME = "$(TARGET_NAME)";
				SWIFT_VERSION = 5.0;
				TARGETED_DEVICE_FAMILY = "1,2";
				TEST_TARGET_NAME = ToDoList;
			};
			name = Release;
		};
/* End XCBuildConfiguration section */

/* Begin XCConfigurationList section */
		8552D40F266CC48300C38589 /* Build configuration list for PBXProject "ToDoList" */ = {
			isa = XCConfigurationList;
			buildConfigurations = (
				8552D43C266CC49500C38589 /* Debug */,
				8552D43D266CC49500C38589 /* Release */,
			);
			defaultConfigurationIsVisible = 0;
			defaultConfigurationName = Release;
		};
		8552D43E266CC49500C38589 /* Build configuration list for PBXNativeTarget "ToDoList" */ = {
			isa = XCConfigurationList;
			buildConfigurations = (
				8552D43F266CC49500C38589 /* Debug */,
				8552D440266CC49500C38589 /* Release */,
			);
			defaultConfigurationIsVisible = 0;
			defaultConfigurationName = Release;
		};
		8552D441266CC49500C38589 /* Build configuration list for PBXNativeTarget "ToDoListTests" */ = {
			isa = XCConfigurationList;
			buildConfigurations = (
				8552D442266CC49500C38589 /* Debug */,
				8552D443266CC49500C38589 /* Release */,
			);
			defaultConfigurationIsVisible = 0;
			defaultConfigurationName = Release;
		};
		8552D444266CC49500C38589 /* Build configuration list for PBXNativeTarget "ToDoListUITests" */ = {
			isa = XCConfigurationList;
			buildConfigurations = (
				8552D445266CC49500C38589 /* Debug */,
				8552D446266CC49500C38589 /* Release */,
			);
			defaultConfigurationIsVisible = 0;
			defaultConfigurationName = Release;
		};
/* End XCConfigurationList section */
	};
	rootObject = 8552D40C266CC48300C38589 /* Project object */;
}
